
Microsoft Visual Studio Solution File, Format Version 12.00
# Visual Studio Version 16
VisualStudioVersion = 16.0.810.17
MinimumVisualStudioVersion = 10.0.40219.1
Project("{FAE04EC0-301F-11D3-BF4B-00C04F79EFBC}") = "MethodsExercise2", "MethodsExercise2\MethodsExercise2.csproj", "{84D2C640-443D-4665-968C-633A53EF86AC}"
EndProject
Global
	GlobalSection(SolutionConfigurationPlatforms) = preSolution
		Debug|Any CPU = Debug|Any CPU
		Release|Any CPU = Release|Any CPU
	EndGlobalSection
	GlobalSection(ProjectConfigurationPlatforms) = postSolution
		{84D2C640-443D-4665-968C-633A53EF86AC}.Debug|Any CPU.ActiveCfg = Debug|Any CPU
		{84D2C640-443D-4665-968C-633A53EF86AC}.Debug|Any CPU.Build.0 = Debug|Any CPU
		{84D2C640-443D-4665-968C-633A53EF86AC}.Release|Any CPU.ActiveCfg = Release|Any CPU
		{84D2C640-443D-4665-968C-633A53EF86AC}.Release|Any CPU.Build.0 = Release|Any CPU
	EndGlobalSection
	GlobalSection(SolutionProperties) = preSolution
		HideSolutionNode = FALSE
	EndGlobalSection
	GlobalSection(ExtensibilityGlobals) = postSolution
		SolutionGuid = {2850C261-0E17-46A7-8A23-21374BB56C07}
	EndGlobalSection
EndGlobal
